
Microsoft Visual Studio Solution File, Format Version 11.00
# Visual Studio 2010
Project("{FAE04EC0-301F-11D3-BF4B-00C04F79EFBC}") = "Bernie", "Bernie\Bernie.csproj", "{98805BD6-A7C1-42B6-897D-A9C63E6B2905}"
EndProject
Global
	GlobalSection(SolutionConfigurationPlatforms) = preSolution
		Debug|Any CPU = Debug|Any CPU
		Release|Any CPU = Release|Any CPU
	EndGlobalSection
	GlobalSection(ProjectConfigurationPlatforms) = postSolution
		{98805BD6-A7C1-42B6-897D-A9C63E6B2905}.Debug|Any CPU.ActiveCfg = Debug|Any CPU
		{98805BD6-A7C1-42B6-897D-A9C63E6B2905}.Debug|Any CPU.Build.0 = Debug|Any CPU
		{98805BD6-A7C1-42B6-897D-A9C63E6B2905}.Release|Any CPU.ActiveCfg = Release|Any CPU
		{98805BD6-A7C1-42B6-897D-A9C63E6B2905}.Release|Any CPU.Build.0 = Release|Any CPU
	EndGlobalSection
	GlobalSection(MonoDevelopProperties) = preSolution
		StartupItem = Bernie\Bernie.csproj
	EndGlobalSection
EndGlobal
